// !$*UTF8*$!
{ archiveVersion = 1; classes = {}; objectVersion = 56; objects = {
A00000000000000000000001 = {isa = PBXProject; attributes = {LastUpgradeCheck = 1640;}; buildConfigurationList = A00000000000000000000009; compatibilityVersion = "Xcode 14.0"; developmentRegion = en; knownRegions = (en,Base); mainGroup = A00000000000000000000002; productRefGroup = A00000000000000000000003; projectDirPath = ""; projectRoot = ""; targets = (A00000000000000000000004);};
A00000000000000000000002 = {isa = PBXGroup; children = (A00000000000000000000005,A00000000000000000000003); sourceTree = "<group>";};
A00000000000000000000003 = {isa = PBXGroup; children = (A00000000000000000000006); name = Products; sourceTree = "<group>";};
A00000000000000000000004 = {isa = PBXNativeTarget; buildConfigurationList = A0000000000000000000000A; buildPhases = (A00000000000000000000007); buildRules = (); dependencies = (); name = CollectiveUIRegression; productName = CollectiveUIRegression; productReference = A00000000000000000000006; productType = "com.apple.product-type.bundle.ui-testing";};
A00000000000000000000005 = {isa = PBXFileReference; lastKnownFileType = sourcecode.swift; path = CollectiveUIRegression.swift; sourceTree = "<group>";};
A00000000000000000000006 = {isa = PBXFileReference; explicitFileType = wrapper.cfbundle; path = CollectiveUIRegression.xctest; sourceTree = BUILT_PRODUCTS_DIR;};
A00000000000000000000007 = {isa = PBXSourcesBuildPhase; buildActionMask = 2147483647; files = (A00000000000000000000008); runOnlyForDeploymentPostprocessing = 0;};
A00000000000000000000008 = {isa = PBXBuildFile; fileRef = A00000000000000000000005;};
A00000000000000000000009 = {isa = XCConfigurationList; buildConfigurations = (A0000000000000000000000B); defaultConfigurationIsVisible = 0; defaultConfigurationName = Debug;};
A0000000000000000000000A = {isa = XCConfigurationList; buildConfigurations = (A0000000000000000000000C); defaultConfigurationIsVisible = 0; defaultConfigurationName = Debug;};
A0000000000000000000000B = {isa = XCBuildConfiguration; buildSettings = {SDKROOT = iphoneos; IPHONEOS_DEPLOYMENT_TARGET = 17.0; SWIFT_VERSION = 5.0; CLANG_ENABLE_MODULES = YES;}; name = Debug;};
A0000000000000000000000C = {isa = XCBuildConfiguration; buildSettings = {PRODUCT_BUNDLE_IDENTIFIER = io.collectiveui.regressiontests; PRODUCT_NAME = "$(TARGET_NAME)"; GENERATE_INFOPLIST_FILE = YES; TARGETED_DEVICE_FAMILY = "1,2"; CODE_SIGNING_ALLOWED = NO; ENABLE_TESTING_SEARCH_PATHS = YES; SWIFT_OPTIMIZATION_LEVEL = "-Onone";}; name = Debug;};
}; rootObject = A00000000000000000000001; }
